
Microsoft Visual Studio Solution File, Format Version 11.00
# Visual Studio 2010
Project("{FAE04EC0-301F-11D3-BF4B-00C04F79EFBC}") = "Pippin", "Pippin\Pippin.csproj", "{EAB2294C-6335-4076-9D60-25739F59551C}"
	ProjectSection(ProjectDependencies) = postProject
		{27A0F7E7-0817-48F2-9F3B-41D123EA3DD2} = {27A0F7E7-0817-48F2-9F3B-41D123EA3DD2}
	EndProjectSection
EndProject
Project("{FAE04EC0-301F-11D3-BF4B-00C04F79EFBC}") = "Pippin.Web", "Pippin.Web\Pippin.Web.csproj", "{27A0F7E7-0817-48F2-9F3B-41D123EA3DD2}"
EndProject
Global
	GlobalSection(SolutionConfigurationPlatforms) = preSolution
		Debug|Any CPU = Debug|Any CPU
		Release|Any CPU = Release|Any CPU
	EndGlobalSection
	GlobalSection(ProjectConfigurationPlatforms) = postSolution
		{EAB2294C-6335-4076-9D60-25739F59551C}.Debug|Any CPU.ActiveCfg = Debug|Any CPU
		{EAB2294C-6335-4076-9D60-25739F59551C}.Debug|Any CPU.Build.0 = Debug|Any CPU
		{EAB2294C-6335-4076-9D60-25739F59551C}.Release|Any CPU.ActiveCfg = Release|Any CPU
		{EAB2294C-6335-4076-9D60-25739F59551C}.Release|Any CPU.Build.0 = Release|Any CPU
		{27A0F7E7-0817-48F2-9F3B-41D123EA3DD2}.Debug|Any CPU.ActiveCfg = Debug|Any CPU
		{27A0F7E7-0817-48F2-9F3B-41D123EA3DD2}.Debug|Any CPU.Build.0 = Debug|Any CPU
		{27A0F7E7-0817-48F2-9F3B-41D123EA3DD2}.Release|Any CPU.ActiveCfg = Release|Any CPU
		{27A0F7E7-0817-48F2-9F3B-41D123EA3DD2}.Release|Any CPU.Build.0 = Release|Any CPU
	EndGlobalSection
	GlobalSection(SolutionProperties) = preSolution
		HideSolutionNode = FALSE
	EndGlobalSection
EndGlobal
